# THIS IS AN AUTOGENERATED FILE. DO NOT EDIT THIS FILE DIRECTLY.
# yarn lockfile v1


"@vue/devtools-api@^6.5.0":
  version "6.5.0"
  resolved "https://registry.yarnpkg.com/@vue/devtools-api/-/devtools-api-6.5.0.tgz#98b99425edee70b4c992692628fa1ea2c1e57d07"
  integrity sha512-o9KfBeaBmCKl10usN4crU53fYtC1r7jJwdGKjPT24t348rHxgfpZ0xL3Xm/gLUYnc0oTp8LAmrxOeLyu6tbk2Q==

pinia@^2.0.36:
  version "2.0.36"
  resolved "https://registry.yarnpkg.com/pinia/-/pinia-2.0.36.tgz#65130f3b94cc7fe25156308634010fab893dff24"
  integrity sha512-4UKApwjlmJH+VuHKgA+zQMddcCb3ezYnyewQ9NVrsDqZ/j9dMv5+rh+1r48whKNdpFkZAWVxhBp5ewYaYX9JcQ==
  dependencies:
    "@vue/devtools-api" "^6.5.0"
    vue-demi "*"

vue-demi@*:
  version "0.14.1"
  resolved "https://registry.yarnpkg.com/vue-demi/-/vue-demi-0.14.1.tgz#1ed9af03a27642762bfed83d8750805302d0398d"
  integrity sha512-rt+yuCtXvscYot9SQQj3WKZJVSriPNqVkpVBNEHPzSgBv7QIYzsS410VqVgvx8f9AAPgjg+XPKvmV3vOqqkJQQ==
